<?xml version="1.0" encoding="utf-8"?>
<Project ToolsVersion="4.0" xmlns="http://schemas.microsoft.com/developer/msbuild/2003">
  <ItemGroup>
    <ClCompile Include="RapidLibPlugin_ARM.cpp" />
    <ClCompile Include="..\..\..\rapidlib\src\classification.cpp">
      <Filter>Source Files\rapidlib</Filter>
    </ClCompile>
    <ClCompile Include="..\..\..\rapidlib\src\dtw.cpp">
      <Filter>Source Files\rapidlib</Filter>
    </ClCompile>
    <ClCompile Include="..\..\..\rapidlib\src\fastDTW.cpp">
      <Filter>Source Files\rapidlib</Filter>
    </ClCompile>
    <ClCompile Include="..\..\..\rapidlib\src\knnClassification.cpp">
      <Filter>Source Files\rapidlib</Filter>
    </ClCompile>
    <ClCompile Include="..\..\..\rapidlib\src\modelSet.cpp">
      <Filter>Source Files\rapidlib</Filter>
    </ClCompile>
    <ClCompile Include="..\..\..\rapidlib\src\neuralNetwork.cpp">
      <Filter>Source Files\rapidlib</Filter>
    </ClCompile>
    <ClCompile Include="..\..\..\rapidlib\src\rapidStream.cpp">
      <Filter>Source Files\rapidlib</Filter>
    </ClCompile>
    <ClCompile Include="..\..\..\rapidlib\src\regression.cpp">
      <Filter>Source Files\rapidlib</Filter>
    </ClCompile>
    <ClCompile Include="..\..\..\rapidlib\src\searchWindow.cpp">
      <Filter>Source Files\rapidlib</Filter>
    </ClCompile>
    <ClCompile Include="..\..\..\rapidlib\src\seriesClassification.cpp">
      <Filter>Source Files\rapidlib</Filter>
    </ClCompile>
    <ClCompile Include="..\..\..\rapidlib\src\svmClassification.cpp">
      <Filter>Source Files\rapidlib</Filter>
    </ClCompile>
    <ClCompile Include="..\..\..\rapidlib\src\warpPath.cpp">
      <Filter>Source Files\rapidlib</Filter>
    </ClCompile>
    <ClCompile Include="..\..\..\rapidlib\dependencies\jsoncpp.cpp">
      <Filter>Source Files\rapidlib\dependencies</Filter>
    </ClCompile>
    <ClCompile Include="..\..\..\rapidlib\dependencies\libsvm\libsvm.cpp">
      <Filter>Source Files\rapidlib\dependencies\libsvm</Filter>
    </ClCompile>
    <ClCompile Include="..\..\..\rapidlib\dependencies\bayesfilter\src\BayesianFilter.cpp">
      <Filter>Source Files\rapidlib\dependencies\bayesfilter</Filter>
    </ClCompile>
    <ClCompile Include="..\..\..\rapidlib\dependencies\bayesfilter\src\filter_utilities.cpp">
      <Filter>Source Files\rapidlib\dependencies\bayesfilter</Filter>
    </ClCompile>
  </ItemGroup>
  <ItemGroup>
    <ClInclude Include="RapidLibPlugin_ARM.h" />
    <ClInclude Include="pch.h" />
    <ClInclude Include="..\..\..\rapidlib\src\baseModel.h">
      <Filter>Source Files\rapidlib</Filter>
    </ClInclude>
    <ClInclude Include="..\..\..\rapidlib\src\classification.h">
      <Filter>Source Files\rapidlib</Filter>
    </ClInclude>
    <ClInclude Include="..\..\..\rapidlib\src\dtw.h">
      <Filter>Source Files\rapidlib</Filter>
    </ClInclude>
    <ClInclude Include="..\..\..\rapidlib\src\emscripten\classificationEmbindings.h">
      <Filter>Source Files\rapidlib</Filter>
    </ClInclude>
    <ClInclude Include="..\..\..\rapidlib\src\emscripten\knnEmbindings.h">
      <Filter>Source Files\rapidlib</Filter>
    </ClInclude>
    <ClInclude Include="..\..\..\rapidlib\src\emscripten\modelSetEmbindings.h">
      <Filter>Source Files\rapidlib</Filter>
    </ClInclude>
    <ClInclude Include="..\..\..\rapidlib\src\emscripten\nnEmbindings.h">
      <Filter>Source Files\rapidlib</Filter>
    </ClInclude>
    <ClInclude Include="..\..\..\rapidlib\src\emscripten\rapidStreamEmbindings.h">
      <Filter>Source Files\rapidlib</Filter>
    </ClInclude>
    <ClInclude Include="..\..\..\rapidlib\src\emscripten\regressionEmbindings.h">
      <Filter>Source Files\rapidlib</Filter>
    </ClInclude>
    <ClInclude Include="..\..\..\rapidlib\src\emscripten\seriesClassificationEmbindings.h">
      <Filter>Source Files\rapidlib</Filter>
    </ClInclude>
    <ClInclude Include="..\..\..\rapidlib\src\emscripten\svmEmbindings.h">
      <Filter>Source Files\rapidlib</Filter>
    </ClInclude>
    <ClInclude Include="..\..\..\rapidlib\src\fastDTW.h">
      <Filter>Source Files\rapidlib</Filter>
    </ClInclude>
    <ClInclude Include="..\..\..\rapidlib\src\knnClassification.h">
      <Filter>Source Files\rapidlib</Filter>
    </ClInclude>
    <ClInclude Include="..\..\..\rapidlib\src\modelSet.h">
      <Filter>Source Files\rapidlib</Filter>
    </ClInclude>
    <ClInclude Include="..\..\..\rapidlib\src\neuralNetwork.h">
      <Filter>Source Files\rapidlib</Filter>
    </ClInclude>
    <ClInclude Include="..\..\..\rapidlib\src\rapidStream.h">
      <Filter>Source Files\rapidlib</Filter>
    </ClInclude>
    <ClInclude Include="..\..\..\rapidlib\src\regression.h">
      <Filter>Source Files\rapidlib</Filter>
    </ClInclude>
    <ClInclude Include="..\..\..\rapidlib\src\searchWindow.h">
      <Filter>Source Files\rapidlib</Filter>
    </ClInclude>
    <ClInclude Include="..\..\..\rapidlib\src\seriesClassification.h">
      <Filter>Source Files\rapidlib</Filter>
    </ClInclude>
    <ClInclude Include="..\..\..\rapidlib\src\svmClassification.h">
      <Filter>Source Files\rapidlib</Filter>
    </ClInclude>
    <ClInclude Include="..\..\..\rapidlib\src\trainingExample.h">
      <Filter>Source Files\rapidlib</Filter>
    </ClInclude>
    <ClInclude Include="..\..\..\rapidlib\src\warpPath.h">
      <Filter>Source Files\rapidlib</Filter>
    </ClInclude>
    <ClInclude Include="..\..\..\rapidlib\dependencies\json\json-forwards.h">
      <Filter>Source Files\rapidlib\dependencies</Filter>
    </ClInclude>
    <ClInclude Include="..\..\..\rapidlib\dependencies\json\json.h">
      <Filter>Source Files\rapidlib\dependencies</Filter>
    </ClInclude>
    <ClInclude Include="..\..\..\rapidlib\dependencies\libsvm\libsvm.h">
      <Filter>Source Files\rapidlib\dependencies\libsvm</Filter>
    </ClInclude>
    <ClInclude Include="..\..\..\rapidlib\dependencies\bayesfilter\src\BayesianFilter.h">
      <Filter>Source Files\rapidlib\dependencies\bayesfilter</Filter>
    </ClInclude>
    <ClInclude Include="..\..\..\rapidlib\dependencies\bayesfilter\src\filter_utilities.h">
      <Filter>Source Files\rapidlib\dependencies\bayesfilter</Filter>
    </ClInclude>
  </ItemGroup>
  <ItemGroup>
    <Filter Include="Source Files">
      <UniqueIdentifier>{001cd865-675b-44eb-947c-dde8d07af80a}</UniqueIdentifier>
    </Filter>
    <Filter Include="Source Files\rapidlib">
      <UniqueIdentifier>{60b299f3-26d5-4a26-bcdf-f0cd684d3de7}</UniqueIdentifier>
    </Filter>
    <Filter Include="Source Files\rapidlib\dependencies">
      <UniqueIdentifier>{8fff6650-0ca3-4f02-86d3-79a9627921e4}</UniqueIdentifier>
    </Filter>
    <Filter Include="Source Files\rapidlib\dependencies\libsvm">
      <UniqueIdentifier>{faeffc61-3e83-4db0-a975-529f0a7789c4}</UniqueIdentifier>
    </Filter>
    <Filter Include="Source Files\rapidlib\dependencies\bayesfilter">
      <UniqueIdentifier>{2e5cbe8e-8dbe-4cab-9d2d-1aacefa04ca4}</UniqueIdentifier>
    </Filter>
  </ItemGroup>
</Project>